// !$*UTF8*$!
{
	archiveVersion = 1;
	classes = {
	};
	objectVersion = 46;
	objects = {

/* Begin PBXBuildFile section */
		7332067D1CC305F100C82876 /* MenuController.swift in Sources */ = {isa = PBXBuildFile; fileRef = 7332067C1CC305F100C82876 /* MenuController.swift */; };
		7332067F1CC30EE700C82876 /* x.png in Resources */ = {isa = PBXBuildFile; fileRef = 7332067E1CC30EE700C82876 /* x.png */; };
		733206811CC3272800C82876 /* MenuButtons.swift in Sources */ = {isa = PBXBuildFile; fileRef = 733206801CC3272800C82876 /* MenuButtons.swift */; };
		7332068B1CC725FE00C82876 /* globals.swift in Sources */ = {isa = PBXBuildFile; fileRef = 7332068A1CC725FE00C82876 /* globals.swift */; };
		7337F73F1CCD99ED009E8283 /* CreditsViewController.swift in Sources */ = {isa = PBXBuildFile; fileRef = 7337F73E1CCD99ED009E8283 /* CreditsViewController.swift */; };
		7337F7411CD1E15C009E8283 /* CreditsController.swift in Sources */ = {isa = PBXBuildFile; fileRef = 7337F7401CD1E15C009E8283 /* CreditsController.swift */; };
		7337F7431CD71FA6009E8283 /* soon.png in Resources */ = {isa = PBXBuildFile; fileRef = 7337F7421CD71FA6009E8283 /* soon.png */; };
		73399A331CB4CFB000124550 /* Alamofire.framework in Frameworks */ = {isa = PBXBuildFile; fileRef = 73399A321CB4CFB000124550 /* Alamofire.framework */; };
		73549A1B1CA37DA200A7DA01 /* KDCircularProgress.swift in Sources */ = {isa = PBXBuildFile; fileRef = 73549A1A1CA37DA200A7DA01 /* KDCircularProgress.swift */; };
		735B6EB81CBCA6A100300192 /* title.png in Resources */ = {isa = PBXBuildFile; fileRef = 735B6EB71CBCA6A100300192 /* title.png */; };
		735B6EBE1CBCA76C00300192 /* open.png in Resources */ = {isa = PBXBuildFile; fileRef = 735B6EBD1CBCA76C00300192 /* open.png */; };
		7370BB161CC76F120087D7AD /* ContactButtons.swift in Sources */ = {isa = PBXBuildFile; fileRef = 7370BB151CC76F120087D7AD /* ContactButtons.swift */; };
		7370BB181CCCC4C00087D7AD /* menu.png in Resources */ = {isa = PBXBuildFile; fileRef = 7370BB171CCCC4C00087D7AD /* menu.png */; };
		73771B2E1C9E629F00DDF5ED /* AppDelegate.swift in Sources */ = {isa = PBXBuildFile; fileRef = 73771B2D1C9E629F00DDF5ED /* AppDelegate.swift */; };
		73771B331C9E629F00DDF5ED /* Main.storyboard in Resources */ = {isa = PBXBuildFile; fileRef = 73771B311C9E629F00DDF5ED /* Main.storyboard */; };
		73771B351C9E629F00DDF5ED /* Assets.xcassets in Resources */ = {isa = PBXBuildFile; fileRef = 73771B341C9E629F00DDF5ED /* Assets.xcassets */; };
		73771B381C9E629F00DDF5ED /* LaunchScreen.storyboard in Resources */ = {isa = PBXBuildFile; fileRef = 73771B361C9E629F00DDF5ED /* LaunchScreen.storyboard */; };
		73771B431C9E62A000DDF5ED /* UCLA_LibraryTests.swift in Sources */ = {isa = PBXBuildFile; fileRef = 73771B421C9E62A000DDF5ED /* UCLA_LibraryTests.swift */; };
		73771B4E1C9E62A000DDF5ED /* UCLA_LibraryUITests.swift in Sources */ = {isa = PBXBuildFile; fileRef = 73771B4D1C9E62A000DDF5ED /* UCLA_LibraryUITests.swift */; };
		73771B5E1C9E688400DDF5ED /* LibraryListTableViewController.swift in Sources */ = {isa = PBXBuildFile; fileRef = 73771B5D1C9E688400DDF5ED /* LibraryListTableViewController.swift */; };
		73771B601C9E6B1700DDF5ED /* Library.swift in Sources */ = {isa = PBXBuildFile; fileRef = 73771B5F1C9E6B1700DDF5ED /* Library.swift */; };
		73771B6A1C9E87F000DDF5ED /* DetailViewController.swift in Sources */ = {isa = PBXBuildFile; fileRef = 73771B691C9E87F000DDF5ED /* DetailViewController.swift */; };
		7399E7831DC7E4010076D32E /* GoogleService-Info.plist in Resources */ = {isa = PBXBuildFile; fileRef = 7399E7821DC7E4010076D32E /* GoogleService-Info.plist */; };
		7399E7841DC7E4010076D32E /* GoogleService-Info.plist in Resources */ = {isa = PBXBuildFile; fileRef = 7399E7821DC7E4010076D32E /* GoogleService-Info.plist */; };
		7399E7851DC7E4010076D32E /* GoogleService-Info.plist in Resources */ = {isa = PBXBuildFile; fileRef = 7399E7821DC7E4010076D32E /* GoogleService-Info.plist */; };
		739E4DD71C9ED7EA007AAA1D /* dayOfWeekAndHoursBox.swift in Sources */ = {isa = PBXBuildFile; fileRef = 739E4DD61C9ED7EA007AAA1D /* dayOfWeekAndHoursBox.swift */; };
		73A0B4641D5FE80A002CF2B7 /* close.png in Resources */ = {isa = PBXBuildFile; fileRef = 73A0B4631D5FE80A002CF2B7 /* close.png */; };
		73DC7D921CA360D100F0CE12 /* ArtsLibrary.png in Resources */ = {isa = PBXBuildFile; fileRef = 73DC7D841CA360D100F0CE12 /* ArtsLibrary.png */; };
		73DC7D931CA360D100F0CE12 /* BiomedicalLibrary.png in Resources */ = {isa = PBXBuildFile; fileRef = 73DC7D851CA360D100F0CE12 /* BiomedicalLibrary.png */; };
		73DC7D941CA360D100F0CE12 /* EastAsianLibrary.png in Resources */ = {isa = PBXBuildFile; fileRef = 73DC7D861CA360D100F0CE12 /* EastAsianLibrary.png */; };
		73DC7D951CA360D100F0CE12 /* Icon.png in Resources */ = {isa = PBXBuildFile; fileRef = 73DC7D871CA360D100F0CE12 /* Icon.png */; };
		73DC7D961CA360D100F0CE12 /* LawLibrary.jpg in Resources */ = {isa = PBXBuildFile; fileRef = 73DC7D881CA360D100F0CE12 /* LawLibrary.jpg */; };
		73DC7D971CA360D100F0CE12 /* ManagementLibrary.png in Resources */ = {isa = PBXBuildFile; fileRef = 73DC7D891CA360D100F0CE12 /* ManagementLibrary.png */; };
		73DC7D981CA360D100F0CE12 /* MusicLibrary.jpg in Resources */ = {isa = PBXBuildFile; fileRef = 73DC7D8A1CA360D100F0CE12 /* MusicLibrary.jpg */; };
		73DC7D991CA360D100F0CE12 /* PowellLibrary.png in Resources */ = {isa = PBXBuildFile; fileRef = 73DC7D8B1CA360D100F0CE12 /* PowellLibrary.png */; };
		73DC7D9A1CA360D100F0CE12 /* ResearchLibrary.png in Resources */ = {isa = PBXBuildFile; fileRef = 73DC7D8C1CA360D100F0CE12 /* ResearchLibrary.png */; };
		73DC7D9B1CA360D100F0CE12 /* ScienceandEngineeringLibrary.png in Resources */ = {isa = PBXBuildFile; fileRef = 73DC7D8D1CA360D100F0CE12 /* ScienceandEngineeringLibrary.png */; };
		73DC7D9C1CA360D100F0CE12 /* SouthernRegionalLibraryFacility.jpg in Resources */ = {isa = PBXBuildFile; fileRef = 73DC7D8E1CA360D100F0CE12 /* SouthernRegionalLibraryFacility.jpg */; };
		7C0C06BE0437A470BE236F39 /* Pods_UCLA_LibraryUITests.framework in Frameworks */ = {isa = PBXBuildFile; fileRef = 95BF39836B995749D33F715C /* Pods_UCLA_LibraryUITests.framework */; };
		8DBE88B014399A994B5EA86F /* Pods_UCLA_LibraryTests.framework in Frameworks */ = {isa = PBXBuildFile; fileRef = 515D3D5EE35EFBFA5A2F1A3C /* Pods_UCLA_LibraryTests.framework */; };
		9FC460B59F8DA952CEC858F0 /* Pods_UCLA_Library.framework in Frameworks */ = {isa = PBXBuildFile; fileRef = 8AD1E2500678601AB5E983A5 /* Pods_UCLA_Library.framework */; };
/* End PBXBuildFile section */

/* Begin PBXContainerItemProxy section */
		73771B3F1C9E629F00DDF5ED /* PBXContainerItemProxy */ = {
			isa = PBXContainerItemProxy;
			containerPortal = 73771B221C9E629F00DDF5ED /* Project object */;
			proxyType = 1;
			remoteGlobalIDString = 73771B291C9E629F00DDF5ED;
			remoteInfo = "UCLA Library";
		};
		73771B4A1C9E62A000DDF5ED /* PBXContainerItemProxy */ = {
			isa = PBXContainerItemProxy;
			containerPortal = 73771B221C9E629F00DDF5ED /* Project object */;
			proxyType = 1;
			remoteGlobalIDString = 73771B291C9E629F00DDF5ED;
			remoteInfo = "UCLA Library";
		};
/* End PBXContainerItemProxy section */

/* Begin PBXFileReference section */
		515D3D5EE35EFBFA5A2F1A3C /* Pods_UCLA_LibraryTests.framework */ = {isa = PBXFileReference; explicitFileType = wrapper.framework; includeInIndex = 0; path = Pods_UCLA_LibraryTests.framework; sourceTree = BUILT_PRODUCTS_DIR; };
		7332067C1CC305F100C82876 /* MenuController.swift */ = {isa = PBXFileReference; fileEncoding = 4; lastKnownFileType = sourcecode.swift; path = MenuController.swift; sourceTree = "<group>"; };
		7332067E1CC30EE700C82876 /* x.png */ = {isa = PBXFileReference; lastKnownFileType = image.png; name = x.png; path = ../x.png; sourceTree = "<group>"; };
		733206801CC3272800C82876 /* MenuButtons.swift */ = {isa = PBXFileReference; fileEncoding = 4; lastKnownFileType = sourcecode.swift; name = MenuButtons.swift; path = "UCLA Library/MenuButtons.swift"; sourceTree = SOURCE_ROOT; };
		733206881CC4993F00C82876 /* UCLA Library-Bridging-Header.h */ = {isa = PBXFileReference; lastKnownFileType = sourcecode.c.h; path = "UCLA Library-Bridging-Header.h"; sourceTree = "<group>"; };
		733206891CC4995F00C82876 /* UCLA Library-Bridging-Header.h */ = {isa = PBXFileReference; fileEncoding = 4; lastKnownFileType = sourcecode.c.h; path = "UCLA Library-Bridging-Header.h"; sourceTree = "<group>"; };
		7332068A1CC725FE00C82876 /* globals.swift */ = {isa = PBXFileReference; fileEncoding = 4; lastKnownFileType = sourcecode.swift; path = globals.swift; sourceTree = "<group>"; };
		7337F73E1CCD99ED009E8283 /* CreditsViewController.swift */ = {isa = PBXFileReference; fileEncoding = 4; lastKnownFileType = sourcecode.swift; path = CreditsViewController.swift; sourceTree = "<group>"; };
		7337F7401CD1E15C009E8283 /* CreditsController.swift */ = {isa = PBXFileReference; fileEncoding = 4; lastKnownFileType = sourcecode.swift; path = CreditsController.swift; sourceTree = "<group>"; };
		7337F7421CD71FA6009E8283 /* soon.png */ = {isa = PBXFileReference; lastKnownFileType = image.png; path = soon.png; sourceTree = "<group>"; };
		73399A321CB4CFB000124550 /* Alamofire.framework */ = {isa = PBXFileReference; lastKnownFileType = wrapper.framework; name = Alamofire.framework; path = "Pods/../build/Debug-iphoneos/Alamofire.framework"; sourceTree = "<group>"; };
		73549A1A1CA37DA200A7DA01 /* KDCircularProgress.swift */ = {isa = PBXFileReference; fileEncoding = 4; lastKnownFileType = sourcecode.swift; path = KDCircularProgress.swift; sourceTree = "<group>"; };
		735B6EB71CBCA6A100300192 /* title.png */ = {isa = PBXFileReference; lastKnownFileType = image.png; path = title.png; sourceTree = "<group>"; };
		735B6EBD1CBCA76C00300192 /* open.png */ = {isa = PBXFileReference; lastKnownFileType = image.png; path = open.png; sourceTree = "<group>"; };
		7370BB151CC76F120087D7AD /* ContactButtons.swift */ = {isa = PBXFileReference; fileEncoding = 4; lastKnownFileType = sourcecode.swift; name = ContactButtons.swift; path = ../ContactButtons.swift; sourceTree = "<group>"; };
		7370BB171CCCC4C00087D7AD /* menu.png */ = {isa = PBXFileReference; lastKnownFileType = image.png; path = menu.png; sourceTree = "<group>"; };
		73771B2A1C9E629F00DDF5ED /* UCLA Library.app */ = {isa = PBXFileReference; explicitFileType = wrapper.application; includeInIndex = 0; path = "UCLA Library.app"; sourceTree = BUILT_PRODUCTS_DIR; };
		73771B2D1C9E629F00DDF5ED /* AppDelegate.swift */ = {isa = PBXFileReference; lastKnownFileType = sourcecode.swift; path = AppDelegate.swift; sourceTree = "<group>"; };
		73771B321C9E629F00DDF5ED /* Base */ = {isa = PBXFileReference; lastKnownFileType = file.storyboard; name = Base; path = Base.lproj/Main.storyboard; sourceTree = "<group>"; };
		73771B341C9E629F00DDF5ED /* Assets.xcassets */ = {isa = PBXFileReference; lastKnownFileType = folder.assetcatalog; path = Assets.xcassets; sourceTree = "<group>"; };
		73771B371C9E629F00DDF5ED /* Base */ = {isa = PBXFileReference; lastKnownFileType = file.storyboard; name = Base; path = Base.lproj/LaunchScreen.storyboard; sourceTree = "<group>"; };
		73771B391C9E629F00DDF5ED /* Info.plist */ = {isa = PBXFileReference; lastKnownFileType = text.plist.xml; path = Info.plist; sourceTree = "<group>"; };
		73771B3E1C9E629F00DDF5ED /* UCLA LibraryTests.xctest */ = {isa = PBXFileReference; explicitFileType = wrapper.cfbundle; includeInIndex = 0; path = "UCLA LibraryTests.xctest"; sourceTree = BUILT_PRODUCTS_DIR; };
		73771B421C9E62A000DDF5ED /* UCLA_LibraryTests.swift */ = {isa = PBXFileReference; lastKnownFileType = sourcecode.swift; path = UCLA_LibraryTests.swift; sourceTree = "<group>"; };
		73771B441C9E62A000DDF5ED /* Info.plist */ = {isa = PBXFileReference; lastKnownFileType = text.plist.xml; path = Info.plist; sourceTree = "<group>"; };
		73771B491C9E62A000DDF5ED /* UCLA LibraryUITests.xctest */ = {isa = PBXFileReference; explicitFileType = wrapper.cfbundle; includeInIndex = 0; path = "UCLA LibraryUITests.xctest"; sourceTree = BUILT_PRODUCTS_DIR; };
		73771B4D1C9E62A000DDF5ED /* UCLA_LibraryUITests.swift */ = {isa = PBXFileReference; lastKnownFileType = sourcecode.swift; path = UCLA_LibraryUITests.swift; sourceTree = "<group>"; };
		73771B4F1C9E62A000DDF5ED /* Info.plist */ = {isa = PBXFileReference; lastKnownFileType = text.plist.xml; path = Info.plist; sourceTree = "<group>"; };
		73771B5D1C9E688400DDF5ED /* LibraryListTableViewController.swift */ = {isa = PBXFileReference; fileEncoding = 4; lastKnownFileType = sourcecode.swift; path = LibraryListTableViewController.swift; sourceTree = "<group>"; };
		73771B5F1C9E6B1700DDF5ED /* Library.swift */ = {isa = PBXFileReference; fileEncoding = 4; lastKnownFileType = sourcecode.swift; path = Library.swift; sourceTree = "<group>"; };
		73771B691C9E87F000DDF5ED /* DetailViewController.swift */ = {isa = PBXFileReference; fileEncoding = 4; lastKnownFileType = sourcecode.swift; path = DetailViewController.swift; sourceTree = "<group>"; };
		7399E7821DC7E4010076D32E /* GoogleService-Info.plist */ = {isa = PBXFileReference; fileEncoding = 4; lastKnownFileType = text.plist.xml; path = "GoogleService-Info.plist"; sourceTree = "<group>"; };
		739E4DD61C9ED7EA007AAA1D /* dayOfWeekAndHoursBox.swift */ = {isa = PBXFileReference; fileEncoding = 4; lastKnownFileType = sourcecode.swift; path = dayOfWeekAndHoursBox.swift; sourceTree = "<group>"; };
		73A0B4631D5FE80A002CF2B7 /* close.png */ = {isa = PBXFileReference; lastKnownFileType = image.png; path = close.png; sourceTree = "<group>"; };
		73DC7D841CA360D100F0CE12 /* ArtsLibrary.png */ = {isa = PBXFileReference; lastKnownFileType = image.png; path = ArtsLibrary.png; sourceTree = "<group>"; };
		73DC7D851CA360D100F0CE12 /* BiomedicalLibrary.png */ = {isa = PBXFileReference; lastKnownFileType = image.png; path = BiomedicalLibrary.png; sourceTree = "<group>"; };
		73DC7D861CA360D100F0CE12 /* EastAsianLibrary.png */ = {isa = PBXFileReference; lastKnownFileType = image.png; path = EastAsianLibrary.png; sourceTree = "<group>"; };
		73DC7D871CA360D100F0CE12 /* Icon.png */ = {isa = PBXFileReference; lastKnownFileType = image.png; path = Icon.png; sourceTree = "<group>"; };
		73DC7D881CA360D100F0CE12 /* LawLibrary.jpg */ = {isa = PBXFileReference; lastKnownFileType = image.jpeg; path = LawLibrary.jpg; sourceTree = "<group>"; };
		73DC7D891CA360D100F0CE12 /* ManagementLibrary.png */ = {isa = PBXFileReference; lastKnownFileType = image.png; path = ManagementLibrary.png; sourceTree = "<group>"; };
		73DC7D8A1CA360D100F0CE12 /* MusicLibrary.jpg */ = {isa = PBXFileReference; lastKnownFileType = image.jpeg; path = MusicLibrary.jpg; sourceTree = "<group>"; };
		73DC7D8B1CA360D100F0CE12 /* PowellLibrary.png */ = {isa = PBXFileReference; lastKnownFileType = image.png; path = PowellLibrary.png; sourceTree = "<group>"; };
		73DC7D8C1CA360D100F0CE12 /* ResearchLibrary.png */ = {isa = PBXFileReference; lastKnownFileType = image.png; path = ResearchLibrary.png; sourceTree = "<group>"; };
		73DC7D8D1CA360D100F0CE12 /* ScienceandEngineeringLibrary.png */ = {isa = PBXFileReference; lastKnownFileType = image.png; path = ScienceandEngineeringLibrary.png; sourceTree = "<group>"; };
		73DC7D8E1CA360D100F0CE12 /* SouthernRegionalLibraryFacility.jpg */ = {isa = PBXFileReference; lastKnownFileType = image.jpeg; path = SouthernRegionalLibraryFacility.jpg; sourceTree = "<group>"; };
		8AD1E2500678601AB5E983A5 /* Pods_UCLA_Library.framework */ = {isa = PBXFileReference; explicitFileType = wrapper.framework; includeInIndex = 0; path = Pods_UCLA_Library.framework; sourceTree = BUILT_PRODUCTS_DIR; };
		95BF39836B995749D33F715C /* Pods_UCLA_LibraryUITests.framework */ = {isa = PBXFileReference; explicitFileType = wrapper.framework; includeInIndex = 0; path = Pods_UCLA_LibraryUITests.framework; sourceTree = BUILT_PRODUCTS_DIR; };
		99A14752532F293D1AF25EFF /* Pods-UCLA LibraryUITests.release.xcconfig */ = {isa = PBXFileReference; includeInIndex = 1; lastKnownFileType = text.xcconfig; name = "Pods-UCLA LibraryUITests.release.xcconfig"; path = "Pods/Target Support Files/Pods-UCLA LibraryUITests/Pods-UCLA LibraryUITests.release.xcconfig"; sourceTree = "<group>"; };
		A16BA5F5E9D54DAE701E4217 /* Pods-UCLA LibraryUITests.debug.xcconfig */ = {isa = PBXFileReference; includeInIndex = 1; lastKnownFileType = text.xcconfig; name = "Pods-UCLA LibraryUITests.debug.xcconfig"; path = "Pods/Target Support Files/Pods-UCLA LibraryUITests/Pods-UCLA LibraryUITests.debug.xcconfig"; sourceTree = "<group>"; };
		A980182B3EDBBAA9420EBDA5 /* Pods-UCLA Library.debug.xcconfig */ = {isa = PBXFileReference; includeInIndex = 1; lastKnownFileType = text.xcconfig; name = "Pods-UCLA Library.debug.xcconfig"; path = "Pods/Target Support Files/Pods-UCLA Library/Pods-UCLA Library.debug.xcconfig"; sourceTree = "<group>"; };
		B0DED852610ACC082447FFA5 /* Pods-UCLA LibraryTests.release.xcconfig */ = {isa = PBXFileReference; includeInIndex = 1; lastKnownFileType = text.xcconfig; name = "Pods-UCLA LibraryTests.release.xcconfig"; path = "Pods/Target Support Files/Pods-UCLA LibraryTests/Pods-UCLA LibraryTests.release.xcconfig"; sourceTree = "<group>"; };
		B193394CD2EA069D9F47C454 /* Pods-UCLA Library.release.xcconfig */ = {isa = PBXFileReference; includeInIndex = 1; lastKnownFileType = text.xcconfig; name = "Pods-UCLA Library.release.xcconfig"; path = "Pods/Target Support Files/Pods-UCLA Library/Pods-UCLA Library.release.xcconfig"; sourceTree = "<group>"; };
		B9FD22D2C0361120A338CDD9 /* Pods.framework */ = {isa = PBXFileReference; explicitFileType = wrapper.framework; includeInIndex = 0; path = Pods.framework; sourceTree = BUILT_PRODUCTS_DIR; };
		D48467265F4D21446F3AFBFA /* Pods-UCLA LibraryTests.debug.xcconfig */ = {isa = PBXFileReference; includeInIndex = 1; lastKnownFileType = text.xcconfig; name = "Pods-UCLA LibraryTests.debug.xcconfig"; path = "Pods/Target Support Files/Pods-UCLA LibraryTests/Pods-UCLA LibraryTests.debug.xcconfig"; sourceTree = "<group>"; };
/* End PBXFileReference section */

/* Begin PBXFrameworksBuildPhase section */
		73771B271C9E629F00DDF5ED /* Frameworks */ = {
			isa = PBXFrameworksBuildPhase;
			buildActionMask = 2147483647;
			files = (
				73399A331CB4CFB000124550 /* Alamofire.framework in Frameworks */,
				9FC460B59F8DA952CEC858F0 /* Pods_UCLA_Library.framework in Frameworks */,
			);
			runOnlyForDeploymentPostprocessing = 0;
		};
		73771B3B1C9E629F00DDF5ED /* Frameworks */ = {
			isa = PBXFrameworksBuildPhase;
			buildActionMask = 2147483647;
			files = (
				8DBE88B014399A994B5EA86F /* Pods_UCLA_LibraryTests.framework in Frameworks */,
			);
			runOnlyForDeploymentPostprocessing = 0;
		};
		73771B461C9E62A000DDF5ED /* Frameworks */ = {
			isa = PBXFrameworksBuildPhase;
			buildActionMask = 2147483647;
			files = (
				7C0C06BE0437A470BE236F39 /* Pods_UCLA_LibraryUITests.framework in Frameworks */,
			);
			runOnlyForDeploymentPostprocessing = 0;
		};
/* End PBXFrameworksBuildPhase section */

/* Begin PBXGroup section */
		0D87B6F3B5A5E55B25149BAE /* Frameworks */ = {
			isa = PBXGroup;
			children = (
				73399A321CB4CFB000124550 /* Alamofire.framework */,
				B9FD22D2C0361120A338CDD9 /* Pods.framework */,
				8AD1E2500678601AB5E983A5 /* Pods_UCLA_Library.framework */,
				515D3D5EE35EFBFA5A2F1A3C /* Pods_UCLA_LibraryTests.framework */,
				95BF39836B995749D33F715C /* Pods_UCLA_LibraryUITests.framework */,
			);
			name = Frameworks;
			sourceTree = "<group>";
		};
		73771B211C9E629F00DDF5ED = {
			isa = PBXGroup;
			children = (
				7399E7821DC7E4010076D32E /* GoogleService-Info.plist */,
				73771B2C1C9E629F00DDF5ED /* UCLA Library */,
				73771B411C9E62A000DDF5ED /* UCLA LibraryTests */,
				73771B4C1C9E62A000DDF5ED /* UCLA LibraryUITests */,
				73771B2B1C9E629F00DDF5ED /* Products */,
				0D87B6F3B5A5E55B25149BAE /* Frameworks */,
				F680B2967518C2BD30100914 /* Pods */,
			);
			sourceTree = "<group>";
		};
		73771B2B1C9E629F00DDF5ED /* Products */ = {
			isa = PBXGroup;
			children = (
				73771B2A1C9E629F00DDF5ED /* UCLA Library.app */,
				73771B3E1C9E629F00DDF5ED /* UCLA LibraryTests.xctest */,
				73771B491C9E62A000DDF5ED /* UCLA LibraryUITests.xctest */,
			);
			name = Products;
			sourceTree = "<group>";
		};
		73771B2C1C9E629F00DDF5ED /* UCLA Library */ = {
			isa = PBXGroup;
			children = (
				73DC7D831CA360D100F0CE12 /* Images */,
				73771B2D1C9E629F00DDF5ED /* AppDelegate.swift */,
				7370BB151CC76F120087D7AD /* ContactButtons.swift */,
				73771B691C9E87F000DDF5ED /* DetailViewController.swift */,
				7332068A1CC725FE00C82876 /* globals.swift */,
				739E4DD61C9ED7EA007AAA1D /* dayOfWeekAndHoursBox.swift */,
				73771B5F1C9E6B1700DDF5ED /* Library.swift */,
				73771B5D1C9E688400DDF5ED /* LibraryListTableViewController.swift */,
				73549A1A1CA37DA200A7DA01 /* KDCircularProgress.swift */,
				7332067C1CC305F100C82876 /* MenuController.swift */,
				7337F7401CD1E15C009E8283 /* CreditsController.swift */,
				733206801CC3272800C82876 /* MenuButtons.swift */,
				733206891CC4995F00C82876 /* UCLA Library-Bridging-Header.h */,
				73771B311C9E629F00DDF5ED /* Main.storyboard */,
				7337F73E1CCD99ED009E8283 /* CreditsViewController.swift */,
				73771B341C9E629F00DDF5ED /* Assets.xcassets */,
				73771B361C9E629F00DDF5ED /* LaunchScreen.storyboard */,
				73771B391C9E629F00DDF5ED /* Info.plist */,
			);
			path = "UCLA Library";
			sourceTree = "<group>";
		};
		73771B411C9E62A000DDF5ED /* UCLA LibraryTests */ = {
			isa = PBXGroup;
			children = (
				73771B421C9E62A000DDF5ED /* UCLA_LibraryTests.swift */,
				73771B441C9E62A000DDF5ED /* Info.plist */,
			);
			path = "UCLA LibraryTests";
			sourceTree = "<group>";
		};
		73771B4C1C9E62A000DDF5ED /* UCLA LibraryUITests */ = {
			isa = PBXGroup;
			children = (
				73771B4D1C9E62A000DDF5ED /* UCLA_LibraryUITests.swift */,
				73771B4F1C9E62A000DDF5ED /* Info.plist */,
			);
			path = "UCLA LibraryUITests";
			sourceTree = "<group>";
		};
		73DC7D831CA360D100F0CE12 /* Images */ = {
			isa = PBXGroup;
			children = (
				733206881CC4993F00C82876 /* UCLA Library-Bridging-Header.h */,
				7370BB171CCCC4C00087D7AD /* menu.png */,
				7337F7421CD71FA6009E8283 /* soon.png */,
				73DC7D841CA360D100F0CE12 /* ArtsLibrary.png */,
				73DC7D851CA360D100F0CE12 /* BiomedicalLibrary.png */,
				73A0B4631D5FE80A002CF2B7 /* close.png */,
				735B6EBD1CBCA76C00300192 /* open.png */,
				73DC7D861CA360D100F0CE12 /* EastAsianLibrary.png */,
				73DC7D871CA360D100F0CE12 /* Icon.png */,
				73DC7D881CA360D100F0CE12 /* LawLibrary.jpg */,
				73DC7D891CA360D100F0CE12 /* ManagementLibrary.png */,
				73DC7D8A1CA360D100F0CE12 /* MusicLibrary.jpg */,
				73DC7D8B1CA360D100F0CE12 /* PowellLibrary.png */,
				73DC7D8C1CA360D100F0CE12 /* ResearchLibrary.png */,
				73DC7D8D1CA360D100F0CE12 /* ScienceandEngineeringLibrary.png */,
				73DC7D8E1CA360D100F0CE12 /* SouthernRegionalLibraryFacility.jpg */,
				7332067E1CC30EE700C82876 /* x.png */,
				735B6EB71CBCA6A100300192 /* title.png */,
			);
			path = Images;
			sourceTree = "<group>";
		};
		F680B2967518C2BD30100914 /* Pods */ = {
			isa = PBXGroup;
			children = (
				A980182B3EDBBAA9420EBDA5 /* Pods-UCLA Library.debug.xcconfig */,
				B193394CD2EA069D9F47C454 /* Pods-UCLA Library.release.xcconfig */,
				D48467265F4D21446F3AFBFA /* Pods-UCLA LibraryTests.debug.xcconfig */,
				B0DED852610ACC082447FFA5 /* Pods-UCLA LibraryTests.release.xcconfig */,
				A16BA5F5E9D54DAE701E4217 /* Pods-UCLA LibraryUITests.debug.xcconfig */,
				99A14752532F293D1AF25EFF /* Pods-UCLA LibraryUITests.release.xcconfig */,
			);
			name = Pods;
			sourceTree = "<group>";
		};
/* End PBXGroup section */

/* Begin PBXNativeTarget section */
		73771B291C9E629F00DDF5ED /* UCLA Library */ = {
			isa = PBXNativeTarget;
			buildConfigurationList = 73771B521C9E62A000DDF5ED /* Build configuration list for PBXNativeTarget "UCLA Library" */;
			buildPhases = (
				9B307620DA17C39D333AD2F0 /* [CP] Check Pods Manifest.lock */,
				73771B261C9E629F00DDF5ED /* Sources */,
				73771B271C9E629F00DDF5ED /* Frameworks */,
				73771B281C9E629F00DDF5ED /* Resources */,
				51F9F9BCDD7AB3CDBF2AB9E6 /* [CP] Embed Pods Frameworks */,
				C3C365594D774FB89084735A /* [CP] Copy Pods Resources */,
			);
			buildRules = (
			);
			dependencies = (
			);
			name = "UCLA Library";
			productName = "UCLA Library";
			productReference = 73771B2A1C9E629F00DDF5ED /* UCLA Library.app */;
			productType = "com.apple.product-type.application";
		};
		73771B3D1C9E629F00DDF5ED /* UCLA LibraryTests */ = {
			isa = PBXNativeTarget;
			buildConfigurationList = 73771B551C9E62A000DDF5ED /* Build configuration list for PBXNativeTarget "UCLA LibraryTests" */;
			buildPhases = (
				A28EF9F822D2128EB0DD8758 /* [CP] Check Pods Manifest.lock */,
				73771B3A1C9E629F00DDF5ED /* Sources */,
				73771B3B1C9E629F00DDF5ED /* Frameworks */,
				73771B3C1C9E629F00DDF5ED /* Resources */,
				23B29CEF3BBEEB0E9EAAF6FC /* [CP] Embed Pods Frameworks */,
				404F5C18FD3EEBFD957BE90F /* [CP] Copy Pods Resources */,
			);
			buildRules = (
			);
			dependencies = (
				73771B401C9E629F00DDF5ED /* PBXTargetDependency */,
			);
			name = "UCLA LibraryTests";
			productName = "UCLA LibraryTests";
			productReference = 73771B3E1C9E629F00DDF5ED /* UCLA LibraryTests.xctest */;
			productType = "com.apple.product-type.bundle.unit-test";
		};
		73771B481C9E62A000DDF5ED /* UCLA LibraryUITests */ = {
			isa = PBXNativeTarget;
			buildConfigurationList = 73771B581C9E62A000DDF5ED /* Build configuration list for PBXNativeTarget "UCLA LibraryUITests" */;
			buildPhases = (
				39E1C90EC779D6D77D482C38 /* [CP] Check Pods Manifest.lock */,
				73771B451C9E62A000DDF5ED /* Sources */,
				73771B461C9E62A000DDF5ED /* Frameworks */,
				73771B471C9E62A000DDF5ED /* Resources */,
				FA947B9FC3C61A998D04972E /* [CP] Embed Pods Frameworks */,
				83FDFE88516BFB056BBFBFF4 /* [CP] Copy Pods Resources */,
			);
			buildRules = (
			);
			dependencies = (
				73771B4B1C9E62A000DDF5ED /* PBXTargetDependency */,
			);
			name = "UCLA LibraryUITests";
			productName = "UCLA LibraryUITests";
			productReference = 73771B491C9E62A000DDF5ED /* UCLA LibraryUITests.xctest */;
			productType = "com.apple.product-type.bundle.ui-testing";
		};
/* End PBXNativeTarget section */

/* Begin PBXProject section */
		73771B221C9E629F00DDF5ED /* Project object */ = {
			isa = PBXProject;
			attributes = {
				LastSwiftUpdateCheck = 0720;
				LastUpgradeCheck = 0820;
				ORGANIZATIONNAME = "Regan Hsu";
				TargetAttributes = {
					73771B291C9E629F00DDF5ED = {
						CreatedOnToolsVersion = 7.2.1;
						DevelopmentTeam = QDXV9N79EB;
						LastSwiftMigration = 0820;
						ProvisioningStyle = Automatic;
					};
					73771B3D1C9E629F00DDF5ED = {
						CreatedOnToolsVersion = 7.2.1;
						LastSwiftMigration = 0820;
						TestTargetID = 73771B291C9E629F00DDF5ED;
					};
					73771B481C9E62A000DDF5ED = {
						CreatedOnToolsVersion = 7.2.1;
						LastSwiftMigration = 0820;
						TestTargetID = 73771B291C9E629F00DDF5ED;
					};
				};
			};
			buildConfigurationList = 73771B251C9E629F00DDF5ED /* Build configuration list for PBXProject "UCLA Library" */;
			compatibilityVersion = "Xcode 3.2";
			developmentRegion = English;
			hasScannedForEncodings = 0;
			knownRegions = (
				en,
				Base,
			);
			mainGroup = 73771B211C9E629F00DDF5ED;
			productRefGroup = 73771B2B1C9E629F00DDF5ED /* Products */;
			projectDirPath = "";
			projectRoot = "";
			targets = (
				73771B291C9E629F00DDF5ED /* UCLA Library */,
				73771B3D1C9E629F00DDF5ED /* UCLA LibraryTests */,
				73771B481C9E62A000DDF5ED /* UCLA LibraryUITests */,
			);
		};
/* End PBXProject section */

/* Begin PBXResourcesBuildPhase section */
		73771B281C9E629F00DDF5ED /* Resources */ = {
			isa = PBXResourcesBuildPhase;
			buildActionMask = 2147483647;
			files = (
				73DC7D971CA360D100F0CE12 /* ManagementLibrary.png in Resources */,
				73DC7D991CA360D100F0CE12 /* PowellLibrary.png in Resources */,
				73DC7D951CA360D100F0CE12 /* Icon.png in Resources */,
				73DC7D931CA360D100F0CE12 /* BiomedicalLibrary.png in Resources */,
				73DC7D9A1CA360D100F0CE12 /* ResearchLibrary.png in Resources */,
				73DC7D981CA360D100F0CE12 /* MusicLibrary.jpg in Resources */,
				73771B381C9E629F00DDF5ED /* LaunchScreen.storyboard in Resources */,
				73DC7D9B1CA360D100F0CE12 /* ScienceandEngineeringLibrary.png in Resources */,
				73771B351C9E629F00DDF5ED /* Assets.xcassets in Resources */,
				7370BB181CCCC4C00087D7AD /* menu.png in Resources */,
				73DC7D941CA360D100F0CE12 /* EastAsianLibrary.png in Resources */,
				73771B331C9E629F00DDF5ED /* Main.storyboard in Resources */,
				735B6EB81CBCA6A100300192 /* title.png in Resources */,
				73DC7D9C1CA360D100F0CE12 /* SouthernRegionalLibraryFacility.jpg in Resources */,
				73DC7D961CA360D100F0CE12 /* LawLibrary.jpg in Resources */,
				7337F7431CD71FA6009E8283 /* soon.png in Resources */,
				7332067F1CC30EE700C82876 /* x.png in Resources */,
				73DC7D921CA360D100F0CE12 /* ArtsLibrary.png in Resources */,
				73A0B4641D5FE80A002CF2B7 /* close.png in Resources */,
				735B6EBE1CBCA76C00300192 /* open.png in Resources */,
				7399E7831DC7E4010076D32E /* GoogleService-Info.plist in Resources */,
			);
			runOnlyForDeploymentPostprocessing = 0;
		};
		73771B3C1C9E629F00DDF5ED /* Resources */ = {
			isa = PBXResourcesBuildPhase;
			buildActionMask = 2147483647;
			files = (
				7399E7841DC7E4010076D32E /* GoogleService-Info.plist in Resources */,
			);
			runOnlyForDeploymentPostprocessing = 0;
		};
		73771B471C9E62A000DDF5ED /* Resources */ = {
			isa = PBXResourcesBuildPhase;
			buildActionMask = 2147483647;
			files = (
				7399E7851DC7E4010076D32E /* GoogleService-Info.plist in Resources */,
			);
			runOnlyForDeploymentPostprocessing = 0;
		};
/* End PBXResourcesBuildPhase section */

/* Begin PBXShellScriptBuildPhase section */
		23B29CEF3BBEEB0E9EAAF6FC /* [CP] Embed Pods Frameworks */ = {
			isa = PBXShellScriptBuildPhase;
			buildActionMask = 2147483647;
			files = (
			);
			inputPaths = (
			);
			name = "[CP] Embed Pods Frameworks";
			outputPaths = (
			);
			runOnlyForDeploymentPostprocessing = 0;
			shellPath = /bin/sh;
			shellScript = "\"${SRCROOT}/Pods/Target Support Files/Pods-UCLA LibraryTests/Pods-UCLA LibraryTests-frameworks.sh\"\n";
			showEnvVarsInLog = 0;
		};
		39E1C90EC779D6D77D482C38 /* [CP] Check Pods Manifest.lock */ = {
			isa = PBXShellScriptBuildPhase;
			buildActionMask = 2147483647;
			files = (
			);
			inputPaths = (
			);
			name = "[CP] Check Pods Manifest.lock";
			outputPaths = (
			);
			runOnlyForDeploymentPostprocessing = 0;
			shellPath = /bin/sh;
			shellScript = "diff \"${PODS_ROOT}/../Podfile.lock\" \"${PODS_ROOT}/Manifest.lock\" > /dev/null\nif [ $? != 0 ] ; then\n    # print error to STDERR\n    echo \"error: The sandbox is not in sync with the Podfile.lock. Run 'pod install' or update your CocoaPods installation.\" >&2\n    exit 1\nfi\n";
			showEnvVarsInLog = 0;
		};
		404F5C18FD3EEBFD957BE90F /* [CP] Copy Pods Resources */ = {
			isa = PBXShellScriptBuildPhase;
			buildActionMask = 2147483647;
			files = (
			);
			inputPaths = (
			);
			name = "[CP] Copy Pods Resources";
			outputPaths = (
			);
			runOnlyForDeploymentPostprocessing = 0;
			shellPath = /bin/sh;
			shellScript = "\"${SRCROOT}/Pods/Target Support Files/Pods-UCLA LibraryTests/Pods-UCLA LibraryTests-resources.sh\"\n";
			showEnvVarsInLog = 0;
		};
		51F9F9BCDD7AB3CDBF2AB9E6 /* [CP] Embed Pods Frameworks */ = {
			isa = PBXShellScriptBuildPhase;
			buildActionMask = 2147483647;
			files = (
			);
			inputPaths = (
			);
			name = "[CP] Embed Pods Frameworks";
			outputPaths = (
			);
			runOnlyForDeploymentPostprocessing = 0;
			shellPath = /bin/sh;
			shellScript = "\"${SRCROOT}/Pods/Target Support Files/Pods-UCLA Library/Pods-UCLA Library-frameworks.sh\"\n";
			showEnvVarsInLog = 0;
		};
		83FDFE88516BFB056BBFBFF4 /* [CP] Copy Pods Resources */ = {
			isa = PBXShellScriptBuildPhase;
			buildActionMask = 2147483647;
			files = (
			);
			inputPaths = (
			);
			name = "[CP] Copy Pods Resources";
			outputPaths = (
			);
			runOnlyForDeploymentPostprocessing = 0;
			shellPath = /bin/sh;
			shellScript = "\"${SRCROOT}/Pods/Target Support Files/Pods-UCLA LibraryUITests/Pods-UCLA LibraryUITests-resources.sh\"\n";
			showEnvVarsInLog = 0;
		};
		9B307620DA17C39D333AD2F0 /* [CP] Check Pods Manifest.lock */ = {
			isa = PBXShellScriptBuildPhase;
			buildActionMask = 2147483647;
			files = (
			);
			inputPaths = (
			);
			name = "[CP] Check Pods Manifest.lock";
			outputPaths = (
			);
			runOnlyForDeploymentPostprocessing = 0;
			shellPath = /bin/sh;
			shellScript = "diff \"${PODS_ROOT}/../Podfile.lock\" \"${PODS_ROOT}/Manifest.lock\" > /dev/null\nif [ $? != 0 ] ; then\n    # print error to STDERR\n    echo \"error: The sandbox is not in sync with the Podfile.lock. Run 'pod install' or update your CocoaPods installation.\" >&2\n    exit 1\nfi\n";
			showEnvVarsInLog = 0;
		};
		A28EF9F822D2128EB0DD8758 /* [CP] Check Pods Manifest.lock */ = {
			isa = PBXShellScriptBuildPhase;
			buildActionMask = 2147483647;
			files = (
			);
			inputPaths = (
			);
			name = "[CP] Check Pods Manifest.lock";
			outputPaths = (
			);
			runOnlyForDeploymentPostprocessing = 0;
			shellPath = /bin/sh;
			shellScript = "diff \"${PODS_ROOT}/../Podfile.lock\" \"${PODS_ROOT}/Manifest.lock\" > /dev/null\nif [ $? != 0 ] ; then\n    # print error to STDERR\n    echo \"error: The sandbox is not in sync with the Podfile.lock. Run 'pod install' or update your CocoaPods installation.\" >&2\n    exit 1\nfi\n";
			showEnvVarsInLog = 0;
		};
		C3C365594D774FB89084735A /* [CP] Copy Pods Resources */ = {
			isa = PBXShellScriptBuildPhase;
			buildActionMask = 2147483647;
			files = (
			);
			inputPaths = (
			);
			name = "[CP] Copy Pods Resources";
			outputPaths = (
			);
			runOnlyForDeploymentPostprocessing = 0;
			shellPath = /bin/sh;
			shellScript = "\"${SRCROOT}/Pods/Target Support Files/Pods-UCLA Library/Pods-UCLA Library-resources.sh\"\n";
			showEnvVarsInLog = 0;
		};
		FA947B9FC3C61A998D04972E /* [CP] Embed Pods Frameworks */ = {
			isa = PBXShellScriptBuildPhase;
			buildActionMask = 2147483647;
			files = (
			);
			inputPaths = (
			);
			name = "[CP] Embed Pods Frameworks";
			outputPaths = (
			);
			runOnlyForDeploymentPostprocessing = 0;
			shellPath = /bin/sh;
			shellScript = "\"${SRCROOT}/Pods/Target Support Files/Pods-UCLA LibraryUITests/Pods-UCLA LibraryUITests-frameworks.sh\"\n";
			showEnvVarsInLog = 0;
		};
/* End PBXShellScriptBuildPhase section */

/* Begin PBXSourcesBuildPhase section */
		73771B261C9E629F00DDF5ED /* Sources */ = {
			isa = PBXSourcesBuildPhase;
			buildActionMask = 2147483647;
			files = (
				7337F73F1CCD99ED009E8283 /* CreditsViewController.swift in Sources */,
				7332068B1CC725FE00C82876 /* globals.swift in Sources */,
				73771B601C9E6B1700DDF5ED /* Library.swift in Sources */,
				7332067D1CC305F100C82876 /* MenuController.swift in Sources */,
				739E4DD71C9ED7EA007AAA1D /* dayOfWeekAndHoursBox.swift in Sources */,
				73771B2E1C9E629F00DDF5ED /* AppDelegate.swift in Sources */,
				73771B5E1C9E688400DDF5ED /* LibraryListTableViewController.swift in Sources */,
				73771B6A1C9E87F000DDF5ED /* DetailViewController.swift in Sources */,
				7337F7411CD1E15C009E8283 /* CreditsController.swift in Sources */,
				733206811CC3272800C82876 /* MenuButtons.swift in Sources */,
				73549A1B1CA37DA200A7DA01 /* KDCircularProgress.swift in Sources */,
				7370BB161CC76F120087D7AD /* ContactButtons.swift in Sources */,
			);
			runOnlyForDeploymentPostprocessing = 0;
		};
		73771B3A1C9E629F00DDF5ED /* Sources */ = {
			isa = PBXSourcesBuildPhase;
			buildActionMask = 2147483647;
			files = (
				73771B431C9E62A000DDF5ED /* UCLA_LibraryTests.swift in Sources */,
			);
			runOnlyForDeploymentPostprocessing = 0;
		};
		73771B451C9E62A000DDF5ED /* Sources */ = {
			isa = PBXSourcesBuildPhase;
			buildActionMask = 2147483647;
			files = (
				73771B4E1C9E62A000DDF5ED /* UCLA_LibraryUITests.swift in Sources */,
			);
			runOnlyForDeploymentPostprocessing = 0;
		};
/* End PBXSourcesBuildPhase section */

/* Begin PBXTargetDependency section */
		73771B401C9E629F00DDF5ED /* PBXTargetDependency */ = {
			isa = PBXTargetDependency;
			target = 73771B291C9E629F00DDF5ED /* UCLA Library */;
			targetProxy = 73771B3F1C9E629F00DDF5ED /* PBXContainerItemProxy */;
		};
		73771B4B1C9E62A000DDF5ED /* PBXTargetDependency */ = {
			isa = PBXTargetDependency;
			target = 73771B291C9E629F00DDF5ED /* UCLA Library */;
			targetProxy = 73771B4A1C9E62A000DDF5ED /* PBXContainerItemProxy */;
		};
/* End PBXTargetDependency section */

/* Begin PBXVariantGroup section */
		73771B311C9E629F00DDF5ED /* Main.storyboard */ = {
			isa = PBXVariantGroup;
			children = (
				73771B321C9E629F00DDF5ED /* Base */,
			);
			name = Main.storyboard;
			sourceTree = "<group>";
		};
		73771B361C9E629F00DDF5ED /* LaunchScreen.storyboard */ = {
			isa = PBXVariantGroup;
			children = (
				73771B371C9E629F00DDF5ED /* Base */,
			);
			name = LaunchScreen.storyboard;
			sourceTree = "<group>";
		};
/* End PBXVariantGroup section */

/* Begin XCBuildConfiguration section */
		73771B501C9E62A000DDF5ED /* Debug */ = {
			isa = XCBuildConfiguration;
			buildSettings = {
				ALWAYS_SEARCH_USER_PATHS = NO;
				CLANG_CXX_LANGUAGE_STANDARD = "gnu++0x";
				CLANG_CXX_LIBRARY = "libc++";
				CLANG_ENABLE_MODULES = YES;
				CLANG_ENABLE_OBJC_ARC = YES;
				CLANG_WARN_BOOL_CONVERSION = YES;
				CLANG_WARN_CONSTANT_CONVERSION = YES;
				CLANG_WARN_DIRECT_OBJC_ISA_USAGE = YES_ERROR;
				CLANG_WARN_EMPTY_BODY = YES;
				CLANG_WARN_ENUM_CONVERSION = YES;
				CLANG_WARN_INFINITE_RECURSION = YES;
				CLANG_WARN_INT_CONVERSION = YES;
				CLANG_WARN_OBJC_ROOT_CLASS = YES_ERROR;
				CLANG_WARN_SUSPICIOUS_MOVE = YES;
				CLANG_WARN_UNREACHABLE_CODE = YES;
				CLANG_WARN__DUPLICATE_METHOD_MATCH = YES;
				CODE_SIGN_IDENTITY = "iPhone Developer";
				"CODE_SIGN_IDENTITY[sdk=iphoneos*]" = "iPhone Developer: Regan Hsu (9C46QGA825)";
				COPY_PHASE_STRIP = NO;
				DEBUG_INFORMATION_FORMAT = dwarf;
				ENABLE_STRICT_OBJC_MSGSEND = YES;
				ENABLE_TESTABILITY = YES;
				GCC_C_LANGUAGE_STANDARD = gnu99;
				GCC_DYNAMIC_NO_PIC = NO;
				GCC_GENERATE_TEST_COVERAGE_FILES = NO;
				GCC_NO_COMMON_BLOCKS = YES;
				GCC_OPTIMIZATION_LEVEL = 0;
				GCC_PREPROCESSOR_DEFINITIONS = (
					"DEBUG=1",
					"$(inherited)",
				);
				GCC_WARN_64_TO_32_BIT_CONVERSION = YES;
				GCC_WARN_ABOUT_RETURN_TYPE = YES_ERROR;
				GCC_WARN_UNDECLARED_SELECTOR = YES;
				GCC_WARN_UNINITIALIZED_AUTOS = YES_AGGRESSIVE;
				GCC_WARN_UNUSED_FUNCTION = YES;
				GCC_WARN_UNUSED_VARIABLE = YES;
				IPHONEOS_DEPLOYMENT_TARGET = 10.2;
				MTL_ENABLE_DEBUG_INFO = YES;
				ONLY_ACTIVE_ARCH = YES;
				PROVISIONING_PROFILE = "";
				SDKROOT = iphoneos;
				SWIFT_OPTIMIZATION_LEVEL = "-Onone";
				SWIFT_VERSION = 3.0;
			};
			name = Debug;
		};
		73771B511C9E62A000DDF5ED /* Release */ = {
			isa = XCBuildConfiguration;
			buildSettings = {
				ALWAYS_SEARCH_USER_PATHS = NO;
				CLANG_CXX_LANGUAGE_STANDARD = "gnu++0x";
				CLANG_CXX_LIBRARY = "libc++";
				CLANG_ENABLE_MODULES = YES;
				CLANG_ENABLE_OBJC_ARC = YES;
				CLANG_WARN_BOOL_CONVERSION = YES;
				CLANG_WARN_CONSTANT_CONVERSION = YES;
				CLANG_WARN_DIRECT_OBJC_ISA_USAGE = YES_ERROR;
				CLANG_WARN_EMPTY_BODY = YES;
				CLANG_WARN_ENUM_CONVERSION = YES;
				CLANG_WARN_INFINITE_RECURSION = YES;
				CLANG_WARN_INT_CONVERSION = YES;
				CLANG_WARN_OBJC_ROOT_CLASS = YES_ERROR;
				CLANG_WARN_SUSPICIOUS_MOVE = YES;
				CLANG_WARN_UNREACHABLE_CODE = YES;
				CLANG_WARN__DUPLICATE_METHOD_MATCH = YES;
				CODE_SIGN_IDENTITY = "iPhone Distribution";
				"CODE_SIGN_IDENTITY[sdk=iphoneos*]" = "iPhone Distribution: UCLA Library (DQ8W763H6H)";
				COPY_PHASE_STRIP = NO;
				DEBUG_INFORMATION_FORMAT = "dwarf-with-dsym";
				ENABLE_NS_ASSERTIONS = NO;
				ENABLE_STRICT_OBJC_MSGSEND = YES;
				GCC_C_LANGUAGE_STANDARD = gnu99;
				GCC_GENERATE_TEST_COVERAGE_FILES = NO;
				GCC_NO_COMMON_BLOCKS = YES;
				GCC_WARN_64_TO_32_BIT_CONVERSION = YES;
				GCC_WARN_ABOUT_RETURN_TYPE = YES_ERROR;
				GCC_WARN_UNDECLARED_SELECTOR = YES;
				GCC_WARN_UNINITIALIZED_AUTOS = YES_AGGRESSIVE;
				GCC_WARN_UNUSED_FUNCTION = YES;
				GCC_WARN_UNUSED_VARIABLE = YES;
				IPHONEOS_DEPLOYMENT_TARGET = 10.2;
				MTL_ENABLE_DEBUG_INFO = NO;
				PROVISIONING_PROFILE = "";
				SDKROOT = iphoneos;
				SWIFT_OPTIMIZATION_LEVEL = "-Owholemodule";
				SWIFT_VERSION = 3.0;
				VALIDATE_PRODUCT = YES;
			};
			name = Release;
		};
		73771B531C9E62A000DDF5ED /* Debug */ = {
			isa = XCBuildConfiguration;
			baseConfigurationReference = A980182B3EDBBAA9420EBDA5 /* Pods-UCLA Library.debug.xcconfig */;
			buildSettings = {
				ASSETCATALOG_COMPILER_APPICON_NAME = AppIcon;
				CLANG_ENABLE_MODULES = YES;
				CODE_SIGN_IDENTITY = "iPhone Distribution: UCLA Library (DQ8W763H6H)";
				"CODE_SIGN_IDENTITY[sdk=iphoneos*]" = "iPhone Developer";
				DEVELOPMENT_TEAM = QDXV9N79EB;
				FRAMEWORK_SEARCH_PATHS = (
					"$(inherited)",
					"$(PROJECT_DIR)/build/Debug-iphoneos",
				);
				GCC_GENERATE_TEST_COVERAGE_FILES = YES;
				INFOPLIST_FILE = "UCLA Library/Info.plist";
				IPHONEOS_DEPLOYMENT_TARGET = 10.2;
				LD_RUNPATH_SEARCH_PATHS = "$(inherited) @executable_path/Frameworks";
				PRODUCT_BUNDLE_IDENTIFIER = nwtsai.me;
				PRODUCT_NAME = "$(TARGET_NAME)";
				PROVISIONING_PROFILE = "";
				SWIFT_OBJC_BRIDGING_HEADER = "UCLA Library/UCLA Library-Bridging-Header.h";
				SWIFT_OPTIMIZATION_LEVEL = "-Onone";
				SWIFT_VERSION = 3.0;
			};
			name = Debug;
		};
		73771B541C9E62A000DDF5ED /* Release */ = {
			isa = XCBuildConfiguration;
			baseConfigurationReference = B193394CD2EA069D9F47C454 /* Pods-UCLA Library.release.xcconfig */;
			buildSettings = {
				ASSETCATALOG_COMPILER_APPICON_NAME = AppIcon;
				CLANG_ENABLE_MODULES = YES;
				CODE_SIGN_IDENTITY = "iPhone Distribution: UCLA Library (DQ8W763H6H)";
				"CODE_SIGN_IDENTITY[sdk=iphoneos*]" = "iPhone Developer";
				DEVELOPMENT_TEAM = QDXV9N79EB;
				FRAMEWORK_SEARCH_PATHS = (
					"$(inherited)",
					"$(PROJECT_DIR)/build/Debug-iphoneos",
				);
				GCC_GENERATE_TEST_COVERAGE_FILES = YES;
				INFOPLIST_FILE = "UCLA Library/Info.plist";
				IPHONEOS_DEPLOYMENT_TARGET = 10.2;
				LD_RUNPATH_SEARCH_PATHS = "$(inherited) @executable_path/Frameworks";
				PRODUCT_BUNDLE_IDENTIFIER = nwtsai.me;
				PRODUCT_NAME = "$(TARGET_NAME)";
				PROVISIONING_PROFILE = "";
				SWIFT_OBJC_BRIDGING_HEADER = "UCLA Library/UCLA Library-Bridging-Header.h";
				SWIFT_VERSION = 3.0;
			};
			name = Release;
		};
		73771B561C9E62A000DDF5ED /* Debug */ = {
			isa = XCBuildConfiguration;
			baseConfigurationReference = D48467265F4D21446F3AFBFA /* Pods-UCLA LibraryTests.debug.xcconfig */;
			buildSettings = {
				ALWAYS_EMBED_SWIFT_STANDARD_LIBRARIES = YES;
				BUNDLE_LOADER = "$(TEST_HOST)";
				INFOPLIST_FILE = "UCLA LibraryTests/Info.plist";
				LD_RUNPATH_SEARCH_PATHS = "$(inherited) @executable_path/Frameworks @loader_path/Frameworks";
				PRODUCT_BUNDLE_IDENTIFIER = "phwd.UCLA-LibraryTests";
				PRODUCT_NAME = "$(TARGET_NAME)";
				SWIFT_VERSION = 3.0;
				TEST_HOST = "$(BUILT_PRODUCTS_DIR)/UCLA Library.app/UCLA Library";
			};
			name = Debug;
		};
		73771B571C9E62A000DDF5ED /* Release */ = {
			isa = XCBuildConfiguration;
			baseConfigurationReference = B0DED852610ACC082447FFA5 /* Pods-UCLA LibraryTests.release.xcconfig */;
			buildSettings = {
				ALWAYS_EMBED_SWIFT_STANDARD_LIBRARIES = YES;
				BUNDLE_LOADER = "$(TEST_HOST)";
				INFOPLIST_FILE = "UCLA LibraryTests/Info.plist";
				LD_RUNPATH_SEARCH_PATHS = "$(inherited) @executable_path/Frameworks @loader_path/Frameworks";
				PRODUCT_BUNDLE_IDENTIFIER = "phwd.UCLA-LibraryTests";
				PRODUCT_NAME = "$(TARGET_NAME)";
				SWIFT_VERSION = 3.0;
				TEST_HOST = "$(BUILT_PRODUCTS_DIR)/UCLA Library.app/UCLA Library";
			};
			name = Release;
		};
		73771B591C9E62A000DDF5ED /* Debug */ = {
			isa = XCBuildConfiguration;
			baseConfigurationReference = A16BA5F5E9D54DAE701E4217 /* Pods-UCLA LibraryUITests.debug.xcconfig */;
			buildSettings = {
				ALWAYS_EMBED_SWIFT_STANDARD_LIBRARIES = YES;
				INFOPLIST_FILE = "UCLA LibraryUITests/Info.plist";
				LD_RUNPATH_SEARCH_PATHS = "$(inherited) @executable_path/Frameworks @loader_path/Frameworks";
				PRODUCT_BUNDLE_IDENTIFIER = "phwd.UCLA-LibraryUITests";
				PRODUCT_NAME = "$(TARGET_NAME)";
				SWIFT_VERSION = 3.0;
				TEST_TARGET_NAME = "UCLA Library";
				USES_XCTRUNNER = YES;
			};
			name = Debug;
		};
		73771B5A1C9E62A000DDF5ED /* Release */ = {
			isa = XCBuildConfiguration;
			baseConfigurationReference = 99A14752532F293D1AF25EFF /* Pods-UCLA LibraryUITests.release.xcconfig */;
			buildSettings = {
				ALWAYS_EMBED_SWIFT_STANDARD_LIBRARIES = YES;
				INFOPLIST_FILE = "UCLA LibraryUITests/Info.plist";
				LD_RUNPATH_SEARCH_PATHS = "$(inherited) @executable_path/Frameworks @loader_path/Frameworks";
				PRODUCT_BUNDLE_IDENTIFIER = "phwd.UCLA-LibraryUITests";
				PRODUCT_NAME = "$(TARGET_NAME)";
				SWIFT_VERSION = 3.0;
				TEST_TARGET_NAME = "UCLA Library";
				USES_XCTRUNNER = YES;
			};
			name = Release;
		};
/* End XCBuildConfiguration section */

/* Begin XCConfigurationList section */
		73771B251C9E629F00DDF5ED /* Build configuration list for PBXProject "UCLA Library" */ = {
			isa = XCConfigurationList;
			buildConfigurations = (
				73771B501C9E62A000DDF5ED /* Debug */,
				73771B511C9E62A000DDF5ED /* Release */,
			);
			defaultConfigurationIsVisible = 0;
			defaultConfigurationName = Release;
		};
		73771B521C9E62A000DDF5ED /* Build configuration list for PBXNativeTarget "UCLA Library" */ = {
			isa = XCConfigurationList;
			buildConfigurations = (
				73771B531C9E62A000DDF5ED /* Debug */,
				73771B541C9E62A000DDF5ED /* Release */,
			);
			defaultConfigurationIsVisible = 0;
			defaultConfigurationName = Release;
		};
		73771B551C9E62A000DDF5ED /* Build configuration list for PBXNativeTarget "UCLA LibraryTests" */ = {
			isa = XCConfigurationList;
			buildConfigurations = (
				73771B561C9E62A000DDF5ED /* Debug */,
				73771B571C9E62A000DDF5ED /* Release */,
			);
			defaultConfigurationIsVisible = 0;
			defaultConfigurationName = Release;
		};
		73771B581C9E62A000DDF5ED /* Build configuration list for PBXNativeTarget "UCLA LibraryUITests" */ = {
			isa = XCConfigurationList;
			buildConfigurations = (
				73771B591C9E62A000DDF5ED /* Debug */,
				73771B5A1C9E62A000DDF5ED /* Release */,
			);
			defaultConfigurationIsVisible = 0;
			defaultConfigurationName = Release;
		};
/* End XCConfigurationList section */
	};
	rootObject = 73771B221C9E629F00DDF5ED /* Project object */;
}
